
Microsoft Visual Studio Solution File, Format Version 12.00
# Visual Studio 15
VisualStudioVersion = 15.0.27428.2037
MinimumVisualStudioVersion = 10.0.40219.1
Project("{FAE04EC0-301F-11D3-BF4B-00C04F79EFBC}") = "RTLExample.Android", "RTLExample\RTLExample.Android\RTLExample.Android.csproj", "{392A45A6-3865-423E-8606-C503FE3C91CF}"
EndProject
Project("{FAE04EC0-301F-11D3-BF4B-00C04F79EFBC}") = "RTLExample.iOS", "RTLExample\RTLExample.iOS\RTLExample.iOS.csproj", "{8D77974B-A537-4DE9-88CF-D2672A5AFF56}"
EndProject
Project("{FAE04EC0-301F-11D3-BF4B-00C04F79EFBC}") = "RTLExample.UWP", "RTLExample\RTLExample.UWP\RTLExample.UWP.csproj", "{A8D0FD75-601A-46B6-A817-1D53831E0CEE}"
EndProject
Project("{FAE04EC0-301F-11D3-BF4B-00C04F79EFBC}") = "RTLExample", "RTLExample\RTLExample\RTLExample.csproj", "{1AC3603E-0642-4607-ADCF-F258D60E96DA}"
EndProject
Global
	GlobalSection(SolutionConfigurationPlatforms) = preSolution
		Ad-Hoc|Any CPU = Ad-Hoc|Any CPU
		Ad-Hoc|ARM = Ad-Hoc|ARM
		Ad-Hoc|iPhone = Ad-Hoc|iPhone
		Ad-Hoc|iPhoneSimulator = Ad-Hoc|iPhoneSimulator
		Ad-Hoc|x64 = Ad-Hoc|x64
		Ad-Hoc|x86 = Ad-Hoc|x86
		AppStore|Any CPU = AppStore|Any CPU
		AppStore|ARM = AppStore|ARM
		AppStore|iPhone = AppStore|iPhone
		AppStore|iPhoneSimulator = AppStore|iPhoneSimulator
		AppStore|x64 = AppStore|x64
		AppStore|x86 = AppStore|x86
		Debug|Any CPU = Debug|Any CPU
		Debug|ARM = Debug|ARM
		Debug|iPhone = Debug|iPhone
		Debug|iPhoneSimulator = Debug|iPhoneSimulator
		Debug|x64 = Debug|x64
		Debug|x86 = Debug|x86
		Release|Any CPU = Release|Any CPU
		Release|ARM = Release|ARM
		Release|iPhone = Release|iPhone
		Release|iPhoneSimulator = Release|iPhoneSimulator
		Release|x64 = Release|x64
		Release|x86 = Release|x86
	EndGlobalSection
	GlobalSection(ProjectConfigurationPlatforms) = postSolution
		{392A45A6-3865-423E-8606-C503FE3C91CF}.Ad-Hoc|Any CPU.ActiveCfg = Release|Any CPU
		{392A45A6-3865-423E-8606-C503FE3C91CF}.Ad-Hoc|Any CPU.Build.0 = Release|Any CPU
		{392A45A6-3865-423E-8606-C503FE3C91CF}.Ad-Hoc|Any CPU.Deploy.0 = Release|Any CPU
		{392A45A6-3865-423E-8606-C503FE3C91CF}.Ad-Hoc|ARM.ActiveCfg = Release|Any CPU
		{392A45A6-3865-423E-8606-C503FE3C91CF}.Ad-Hoc|ARM.Build.0 = Release|Any CPU
		{392A45A6-3865-423E-8606-C503FE3C91CF}.Ad-Hoc|ARM.Deploy.0 = Release|Any CPU
		{392A45A6-3865-423E-8606-C503FE3C91CF}.Ad-Hoc|iPhone.ActiveCfg = Release|Any CPU
		{392A45A6-3865-423E-8606-C503FE3C91CF}.Ad-Hoc|iPhone.Build.0 = Release|Any CPU
		{392A45A6-3865-423E-8606-C503FE3C91CF}.Ad-Hoc|iPhone.Deploy.0 = Release|Any CPU
		{392A45A6-3865-423E-8606-C503FE3C91CF}.Ad-Hoc|iPhoneSimulator.ActiveCfg = Release|Any CPU
		{392A45A6-3865-423E-8606-C503FE3C91CF}.Ad-Hoc|iPhoneSimulator.Build.0 = Release|Any CPU
		{392A45A6-3865-423E-8606-C503FE3C91CF}.Ad-Hoc|iPhoneSimulator.Deploy.0 = Release|Any CPU
		{392A45A6-3865-423E-8606-C503FE3C91CF}.Ad-Hoc|x64.ActiveCfg = Release|Any CPU
		{392A45A6-3865-423E-8606-C503FE3C91CF}.Ad-Hoc|x64.Build.0 = Release|Any CPU
		{392A45A6-3865-423E-8606-C503FE3C91CF}.Ad-Hoc|x64.Deploy.0 = Release|Any CPU
		{392A45A6-3865-423E-8606-C503FE3C91CF}.Ad-Hoc|x86.ActiveCfg = Release|Any CPU
		{392A45A6-3865-423E-8606-C503FE3C91CF}.Ad-Hoc|x86.Build.0 = Release|Any CPU
		{392A45A6-3865-423E-8606-C503FE3C91CF}.Ad-Hoc|x86.Deploy.0 = Release|Any CPU
		{392A45A6-3865-423E-8606-C503FE3C91CF}.AppStore|Any CPU.ActiveCfg = Release|Any CPU
		{392A45A6-3865-423E-8606-C503FE3C91CF}.AppStore|Any CPU.Build.0 = Release|Any CPU
		{392A45A6-3865-423E-8606-C503FE3C91CF}.AppStore|Any CPU.Deploy.0 = Release|Any CPU
		{392A45A6-3865-423E-8606-C503FE3C91CF}.AppStore|ARM.ActiveCfg = Release|Any CPU
		{392A45A6-3865-423E-8606-C503FE3C91CF}.AppStore|ARM.Build.0 = Release|Any CPU
		{392A45A6-3865-423E-8606-C503FE3C91CF}.AppStore|ARM.Deploy.0 = Release|Any CPU
		{392A45A6-3865-423E-8606-C503FE3C91CF}.AppStore|iPhone.ActiveCfg = Release|Any CPU
		{392A45A6-3865-423E-8606-C503FE3C91CF}.AppStore|iPhone.Build.0 = Release|Any CPU
		{392A45A6-3865-423E-8606-C503FE3C91CF}.AppStore|iPhone.Deploy.0 = Release|Any CPU
		{392A45A6-3865-423E-8606-C503FE3C91CF}.AppStore|iPhoneSimulator.ActiveCfg = Release|Any CPU
		{392A45A6-3865-423E-8606-C503FE3C91CF}.AppStore|iPhoneSimulator.Build.0 = Release|Any CPU
		{392A45A6-3865-423E-8606-C503FE3C91CF}.AppStore|iPhoneSimulator.Deploy.0 = Release|Any CPU
		{392A45A6-3865-423E-8606-C503FE3C91CF}.AppStore|x64.ActiveCfg = Release|Any CPU
		{392A45A6-3865-423E-8606-C503FE3C91CF}.AppStore|x64.Build.0 = Release|Any CPU
		{392A45A6-3865-423E-8606-C503FE3C91CF}.AppStore|x64.Deploy.0 = Release|Any CPU
		{392A45A6-3865-423E-8606-C503FE3C91CF}.AppStore|x86.ActiveCfg = Release|Any CPU
		{392A45A6-3865-423E-8606-C503FE3C91CF}.AppStore|x86.Build.0 = Release|Any CPU
		{392A45A6-3865-423E-8606-C503FE3C91CF}.AppStore|x86.Deploy.0 = Release|Any CPU
		{392A45A6-3865-423E-8606-C503FE3C91CF}.Debug|Any CPU.ActiveCfg = Debug|Any CPU
		{392A45A6-3865-423E-8606-C503FE3C91CF}.Debug|Any CPU.Build.0 = Debug|Any CPU
		{392A45A6-3865-423E-8606-C503FE3C91CF}.Debug|Any CPU.Deploy.0 = Debug|Any CPU
		{392A45A6-3865-423E-8606-C503FE3C91CF}.Debug|ARM.ActiveCfg = Debug|Any CPU
		{392A45A6-3865-423E-8606-C503FE3C91CF}.Debug|ARM.Build.0 = Debug|Any CPU
		{392A45A6-3865-423E-8606-C503FE3C91CF}.Debug|ARM.Deploy.0 = Debug|Any CPU
		{392A45A6-3865-423E-8606-C503FE3C91CF}.Debug|iPhone.ActiveCfg = Debug|Any CPU
		{392A45A6-3865-423E-8606-C503FE3C91CF}.Debug|iPhone.Build.0 = Debug|Any CPU
		{392A45A6-3865-423E-8606-C503FE3C91CF}.Debug|iPhone.Deploy.0 = Debug|Any CPU
		{392A45A6-3865-423E-8606-C503FE3C91CF}.Debug|iPhoneSimulator.ActiveCfg = Debug|Any CPU
		{392A45A6-3865-423E-8606-C503FE3C91CF}.Debug|iPhoneSimulator.Build.0 = Debug|Any CPU
		{392A45A6-3865-423E-8606-C503FE3C91CF}.Debug|iPhoneSimulator.Deploy.0 = Debug|Any CPU
		{392A45A6-3865-423E-8606-C503FE3C91CF}.Debug|x64.ActiveCfg = Debug|Any CPU
		{392A45A6-3865-423E-8606-C503FE3C91CF}.Debug|x64.Build.0 = Debug|Any CPU
		{392A45A6-3865-423E-8606-C503FE3C91CF}.Debug|x64.Deploy.0 = Debug|Any CPU
		{392A45A6-3865-423E-8606-C503FE3C91CF}.Debug|x86.ActiveCfg = Debug|Any CPU
		{392A45A6-3865-423E-8606-C503FE3C91CF}.Debug|x86.Build.0 = Debug|Any CPU
		{392A45A6-3865-423E-8606-C503FE3C91CF}.Debug|x86.Deploy.0 = Debug|Any CPU
		{392A45A6-3865-423E-8606-C503FE3C91CF}.Release|Any CPU.ActiveCfg = Release|Any CPU
		{392A45A6-3865-423E-8606-C503FE3C91CF}.Release|Any CPU.Build.0 = Release|Any CPU
		{392A45A6-3865-423E-8606-C503FE3C91CF}.Release|Any CPU.Deploy.0 = Release|Any CPU
		{392A45A6-3865-423E-8606-C503FE3C91CF}.Release|ARM.ActiveCfg = Release|Any CPU
		{392A45A6-3865-423E-8606-C503FE3C91CF}.Release|ARM.Build.0 = Release|Any CPU
		{392A45A6-3865-423E-8606-C503FE3C91CF}.Release|ARM.Deploy.0 = Release|Any CPU
		{392A45A6-3865-423E-8606-C503FE3C91CF}.Release|iPhone.ActiveCfg = Release|Any CPU
		{392A45A6-3865-423E-8606-C503FE3C91CF}.Release|iPhone.Build.0 = Release|Any CPU
		{392A45A6-3865-423E-8606-C503FE3C91CF}.Release|iPhone.Deploy.0 = Release|Any CPU
		{392A45A6-3865-423E-8606-C503FE3C91CF}.Release|iPhoneSimulator.ActiveCfg = Release|Any CPU
		{392A45A6-3865-423E-8606-C503FE3C91CF}.Release|iPhoneSimulator.Build.0 = Release|Any CPU
		{392A45A6-3865-423E-8606-C503FE3C91CF}.Release|iPhoneSimulator.Deploy.0 = Release|Any CPU
		{392A45A6-3865-423E-8606-C503FE3C91CF}.Release|x64.ActiveCfg = Release|Any CPU
		{392A45A6-3865-423E-8606-C503FE3C91CF}.Release|x64.Build.0 = Release|Any CPU
		{392A45A6-3865-423E-8606-C503FE3C91CF}.Release|x64.Deploy.0 = Release|Any CPU
		{392A45A6-3865-423E-8606-C503FE3C91CF}.Release|x86.ActiveCfg = Release|Any CPU
		{392A45A6-3865-423E-8606-C503FE3C91CF}.Release|x86.Build.0 = Release|Any CPU
		{392A45A6-3865-423E-8606-C503FE3C91CF}.Release|x86.Deploy.0 = Release|Any CPU
		{8D77974B-A537-4DE9-88CF-D2672A5AFF56}.Ad-Hoc|Any CPU.ActiveCfg = Ad-Hoc|iPhone
		{8D77974B-A537-4DE9-88CF-D2672A5AFF56}.Ad-Hoc|ARM.ActiveCfg = Ad-Hoc|iPhone
		{8D77974B-A537-4DE9-88CF-D2672A5AFF56}.Ad-Hoc|iPhone.ActiveCfg = Ad-Hoc|iPhone
		{8D77974B-A537-4DE9-88CF-D2672A5AFF56}.Ad-Hoc|iPhone.Build.0 = Ad-Hoc|iPhone
		{8D77974B-A537-4DE9-88CF-D2672A5AFF56}.Ad-Hoc|iPhoneSimulator.ActiveCfg = Ad-Hoc|iPhoneSimulator
		{8D77974B-A537-4DE9-88CF-D2672A5AFF56}.Ad-Hoc|iPhoneSimulator.Build.0 = Ad-Hoc|iPhoneSimulator
		{8D77974B-A537-4DE9-88CF-D2672A5AFF56}.Ad-Hoc|x64.ActiveCfg = Ad-Hoc|iPhone
		{8D77974B-A537-4DE9-88CF-D2672A5AFF56}.Ad-Hoc|x86.ActiveCfg = Ad-Hoc|iPhone
		{8D77974B-A537-4DE9-88CF-D2672A5AFF56}.AppStore|Any CPU.ActiveCfg = AppStore|iPhone
		{8D77974B-A537-4DE9-88CF-D2672A5AFF56}.AppStore|ARM.ActiveCfg = AppStore|iPhone
		{8D77974B-A537-4DE9-88CF-D2672A5AFF56}.AppStore|iPhone.ActiveCfg = AppStore|iPhone
		{8D77974B-A537-4DE9-88CF-D2672A5AFF56}.AppStore|iPhone.Build.0 = AppStore|iPhone
		{8D77974B-A537-4DE9-88CF-D2672A5AFF56}.AppStore|iPhoneSimulator.ActiveCfg = AppStore|iPhoneSimulator
		{8D77974B-A537-4DE9-88CF-D2672A5AFF56}.AppStore|iPhoneSimulator.Build.0 = AppStore|iPhoneSimulator
		{8D77974B-A537-4DE9-88CF-D2672A5AFF56}.AppStore|x64.ActiveCfg = AppStore|iPhone
		{8D77974B-A537-4DE9-88CF-D2672A5AFF56}.AppStore|x86.ActiveCfg = AppStore|iPhone
		{8D77974B-A537-4DE9-88CF-D2672A5AFF56}.Debug|Any CPU.ActiveCfg = Debug|iPhone
		{8D77974B-A537-4DE9-88CF-D2672A5AFF56}.Debug|ARM.ActiveCfg = Debug|iPhone
		{8D77974B-A537-4DE9-88CF-D2672A5AFF56}.Debug|iPhone.ActiveCfg = Debug|iPhone
		{8D77974B-A537-4DE9-88CF-D2672A5AFF56}.Debug|iPhone.Build.0 = Debug|iPhone
		{8D77974B-A537-4DE9-88CF-D2672A5AFF56}.Debug|iPhoneSimulator.ActiveCfg = Debug|iPhoneSimulator
		{8D77974B-A537-4DE9-88CF-D2672A5AFF56}.Debug|iPhoneSimulator.Build.0 = Debug|iPhoneSimulator
		{8D77974B-A537-4DE9-88CF-D2672A5AFF56}.Debug|x64.ActiveCfg = Debug|iPhone
		{8D77974B-A537-4DE9-88CF-D2672A5AFF56}.Debug|x86.ActiveCfg = Debug|iPhone
		{8D77974B-A537-4DE9-88CF-D2672A5AFF56}.Release|Any CPU.ActiveCfg = Release|iPhone
		{8D77974B-A537-4DE9-88CF-D2672A5AFF56}.Release|ARM.ActiveCfg = Release|iPhone
		{8D77974B-A537-4DE9-88CF-D2672A5AFF56}.Release|iPhone.ActiveCfg = Release|iPhone
		{8D77974B-A537-4DE9-88CF-D2672A5AFF56}.Release|iPhone.Build.0 = Release|iPhone
		{8D77974B-A537-4DE9-88CF-D2672A5AFF56}.Release|iPhoneSimulator.ActiveCfg = Release|iPhoneSimulator
		{8D77974B-A537-4DE9-88CF-D2672A5AFF56}.Release|iPhoneSimulator.Build.0 = Release|iPhoneSimulator
		{8D77974B-A537-4DE9-88CF-D2672A5AFF56}.Release|x64.ActiveCfg = Release|iPhone
		{8D77974B-A537-4DE9-88CF-D2672A5AFF56}.Release|x86.ActiveCfg = Release|iPhone
		{A8D0FD75-601A-46B6-A817-1D53831E0CEE}.Ad-Hoc|Any CPU.ActiveCfg = Release|x86
		{A8D0FD75-601A-46B6-A817-1D53831E0CEE}.Ad-Hoc|Any CPU.Build.0 = Release|x86
		{A8D0FD75-601A-46B6-A817-1D53831E0CEE}.Ad-Hoc|Any CPU.Deploy.0 = Release|x86
		{A8D0FD75-601A-46B6-A817-1D53831E0CEE}.Ad-Hoc|ARM.ActiveCfg = Release|ARM
		{A8D0FD75-601A-46B6-A817-1D53831E0CEE}.Ad-Hoc|ARM.Build.0 = Release|ARM
		{A8D0FD75-601A-46B6-A817-1D53831E0CEE}.Ad-Hoc|ARM.Deploy.0 = Release|ARM
		{A8D0FD75-601A-46B6-A817-1D53831E0CEE}.Ad-Hoc|iPhone.ActiveCfg = Release|x86
		{A8D0FD75-601A-46B6-A817-1D53831E0CEE}.Ad-Hoc|iPhone.Build.0 = Release|x86
		{A8D0FD75-601A-46B6-A817-1D53831E0CEE}.Ad-Hoc|iPhone.Deploy.0 = Release|x86
		{A8D0FD75-601A-46B6-A817-1D53831E0CEE}.Ad-Hoc|iPhoneSimulator.ActiveCfg = Release|x86
		{A8D0FD75-601A-46B6-A817-1D53831E0CEE}.Ad-Hoc|iPhoneSimulator.Build.0 = Release|x86
		{A8D0FD75-601A-46B6-A817-1D53831E0CEE}.Ad-Hoc|iPhoneSimulator.Deploy.0 = Release|x86
		{A8D0FD75-601A-46B6-A817-1D53831E0CEE}.Ad-Hoc|x64.ActiveCfg = Release|x64
		{A8D0FD75-601A-46B6-A817-1D53831E0CEE}.Ad-Hoc|x64.Build.0 = Release|x64
		{A8D0FD75-601A-46B6-A817-1D53831E0CEE}.Ad-Hoc|x64.Deploy.0 = Release|x64
		{A8D0FD75-601A-46B6-A817-1D53831E0CEE}.Ad-Hoc|x86.ActiveCfg = Release|x86
		{A8D0FD75-601A-46B6-A817-1D53831E0CEE}.Ad-Hoc|x86.Build.0 = Release|x86
		{A8D0FD75-601A-46B6-A817-1D53831E0CEE}.Ad-Hoc|x86.Deploy.0 = Release|x86
		{A8D0FD75-601A-46B6-A817-1D53831E0CEE}.AppStore|Any CPU.ActiveCfg = Release|x86
		{A8D0FD75-601A-46B6-A817-1D53831E0CEE}.AppStore|Any CPU.Build.0 = Release|x86
		{A8D0FD75-601A-46B6-A817-1D53831E0CEE}.AppStore|Any CPU.Deploy.0 = Release|x86
		{A8D0FD75-601A-46B6-A817-1D53831E0CEE}.AppStore|ARM.ActiveCfg = Release|ARM
		{A8D0FD75-601A-46B6-A817-1D53831E0CEE}.AppStore|ARM.Build.0 = Release|ARM
		{A8D0FD75-601A-46B6-A817-1D53831E0CEE}.AppStore|ARM.Deploy.0 = Release|ARM
		{A8D0FD75-601A-46B6-A817-1D53831E0CEE}.AppStore|iPhone.ActiveCfg = Release|x86
		{A8D0FD75-601A-46B6-A817-1D53831E0CEE}.AppStore|iPhone.Build.0 = Release|x86
		{A8D0FD75-601A-46B6-A817-1D53831E0CEE}.AppStore|iPhone.Deploy.0 = Release|x86
		{A8D0FD75-601A-46B6-A817-1D53831E0CEE}.AppStore|iPhoneSimulator.ActiveCfg = Release|x86
		{A8D0FD75-601A-46B6-A817-1D53831E0CEE}.AppStore|iPhoneSimulator.Build.0 = Release|x86
		{A8D0FD75-601A-46B6-A817-1D53831E0CEE}.AppStore|iPhoneSimulator.Deploy.0 = Release|x86
		{A8D0FD75-601A-46B6-A817-1D53831E0CEE}.AppStore|x64.ActiveCfg = Release|x64
		{A8D0FD75-601A-46B6-A817-1D53831E0CEE}.AppStore|x64.Build.0 = Release|x64
		{A8D0FD75-601A-46B6-A817-1D53831E0CEE}.AppStore|x64.Deploy.0 = Release|x64
		{A8D0FD75-601A-46B6-A817-1D53831E0CEE}.AppStore|x86.ActiveCfg = Release|x86
		{A8D0FD75-601A-46B6-A817-1D53831E0CEE}.AppStore|x86.Build.0 = Release|x86
		{A8D0FD75-601A-46B6-A817-1D53831E0CEE}.AppStore|x86.Deploy.0 = Release|x86
		{A8D0FD75-601A-46B6-A817-1D53831E0CEE}.Debug|Any CPU.ActiveCfg = Debug|x86
		{A8D0FD75-601A-46B6-A817-1D53831E0CEE}.Debug|ARM.ActiveCfg = Debug|ARM
		{A8D0FD75-601A-46B6-A817-1D53831E0CEE}.Debug|ARM.Build.0 = Debug|ARM
		{A8D0FD75-601A-46B6-A817-1D53831E0CEE}.Debug|ARM.Deploy.0 = Debug|ARM
		{A8D0FD75-601A-46B6-A817-1D53831E0CEE}.Debug|iPhone.ActiveCfg = Debug|x86
		{A8D0FD75-601A-46B6-A817-1D53831E0CEE}.Debug|iPhoneSimulator.ActiveCfg = Debug|x86
		{A8D0FD75-601A-46B6-A817-1D53831E0CEE}.Debug|x64.ActiveCfg = Debug|x64
		{A8D0FD75-601A-46B6-A817-1D53831E0CEE}.Debug|x64.Build.0 = Debug|x64
		{A8D0FD75-601A-46B6-A817-1D53831E0CEE}.Debug|x64.Deploy.0 = Debug|x64
		{A8D0FD75-601A-46B6-A817-1D53831E0CEE}.Debug|x86.ActiveCfg = Debug|x86
		{A8D0FD75-601A-46B6-A817-1D53831E0CEE}.Debug|x86.Build.0 = Debug|x86
		{A8D0FD75-601A-46B6-A817-1D53831E0CEE}.Debug|x86.Deploy.0 = Debug|x86
		{A8D0FD75-601A-46B6-A817-1D53831E0CEE}.Release|Any CPU.ActiveCfg = Release|x86
		{A8D0FD75-601A-46B6-A817-1D53831E0CEE}.Release|ARM.ActiveCfg = Release|ARM
		{A8D0FD75-601A-46B6-A817-1D53831E0CEE}.Release|ARM.Build.0 = Release|ARM
		{A8D0FD75-601A-46B6-A817-1D53831E0CEE}.Release|ARM.Deploy.0 = Release|ARM
		{A8D0FD75-601A-46B6-A817-1D53831E0CEE}.Release|iPhone.ActiveCfg = Release|x86
		{A8D0FD75-601A-46B6-A817-1D53831E0CEE}.Release|iPhoneSimulator.ActiveCfg = Release|x86
		{A8D0FD75-601A-46B6-A817-1D53831E0CEE}.Release|x64.ActiveCfg = Release|x64
		{A8D0FD75-601A-46B6-A817-1D53831E0CEE}.Release|x64.Build.0 = Release|x64
		{A8D0FD75-601A-46B6-A817-1D53831E0CEE}.Release|x64.Deploy.0 = Release|x64
		{A8D0FD75-601A-46B6-A817-1D53831E0CEE}.Release|x86.ActiveCfg = Release|x86
		{A8D0FD75-601A-46B6-A817-1D53831E0CEE}.Release|x86.Build.0 = Release|x86
		{A8D0FD75-601A-46B6-A817-1D53831E0CEE}.Release|x86.Deploy.0 = Release|x86
		{1AC3603E-0642-4607-ADCF-F258D60E96DA}.Ad-Hoc|Any CPU.ActiveCfg = Debug|Any CPU
		{1AC3603E-0642-4607-ADCF-F258D60E96DA}.Ad-Hoc|Any CPU.Build.0 = Debug|Any CPU
		{1AC3603E-0642-4607-ADCF-F258D60E96DA}.Ad-Hoc|ARM.ActiveCfg = Debug|Any CPU
		{1AC3603E-0642-4607-ADCF-F258D60E96DA}.Ad-Hoc|ARM.Build.0 = Debug|Any CPU
		{1AC3603E-0642-4607-ADCF-F258D60E96DA}.Ad-Hoc|iPhone.ActiveCfg = Debug|Any CPU
		{1AC3603E-0642-4607-ADCF-F258D60E96DA}.Ad-Hoc|iPhone.Build.0 = Debug|Any CPU
		{1AC3603E-0642-4607-ADCF-F258D60E96DA}.Ad-Hoc|iPhoneSimulator.ActiveCfg = Debug|Any CPU
		{1AC3603E-0642-4607-ADCF-F258D60E96DA}.Ad-Hoc|iPhoneSimulator.Build.0 = Debug|Any CPU
		{1AC3603E-0642-4607-ADCF-F258D60E96DA}.Ad-Hoc|x64.ActiveCfg = Debug|Any CPU
		{1AC3603E-0642-4607-ADCF-F258D60E96DA}.Ad-Hoc|x64.Build.0 = Debug|Any CPU
		{1AC3603E-0642-4607-ADCF-F258D60E96DA}.Ad-Hoc|x86.ActiveCfg = Debug|Any CPU
		{1AC3603E-0642-4607-ADCF-F258D60E96DA}.Ad-Hoc|x86.Build.0 = Debug|Any CPU
		{1AC3603E-0642-4607-ADCF-F258D60E96DA}.AppStore|Any CPU.ActiveCfg = Debug|Any CPU
		{1AC3603E-0642-4607-ADCF-F258D60E96DA}.AppStore|Any CPU.Build.0 = Debug|Any CPU
		{1AC3603E-0642-4607-ADCF-F258D60E96DA}.AppStore|ARM.ActiveCfg = Debug|Any CPU
		{1AC3603E-0642-4607-ADCF-F258D60E96DA}.AppStore|ARM.Build.0 = Debug|Any CPU
		{1AC3603E-0642-4607-ADCF-F258D60E96DA}.AppStore|iPhone.ActiveCfg = Debug|Any CPU
		{1AC3603E-0642-4607-ADCF-F258D60E96DA}.AppStore|iPhone.Build.0 = Debug|Any CPU
		{1AC3603E-0642-4607-ADCF-F258D60E96DA}.AppStore|iPhoneSimulator.ActiveCfg = Debug|Any CPU
		{1AC3603E-0642-4607-ADCF-F258D60E96DA}.AppStore|iPhoneSimulator.Build.0 = Debug|Any CPU
		{1AC3603E-0642-4607-ADCF-F258D60E96DA}.AppStore|x64.ActiveCfg = Debug|Any CPU
		{1AC3603E-0642-4607-ADCF-F258D60E96DA}.AppStore|x64.Build.0 = Debug|Any CPU
		{1AC3603E-0642-4607-ADCF-F258D60E96DA}.AppStore|x86.ActiveCfg = Debug|Any CPU
		{1AC3603E-0642-4607-ADCF-F258D60E96DA}.AppStore|x86.Build.0 = Debug|Any CPU
		{1AC3603E-0642-4607-ADCF-F258D60E96DA}.Debug|Any CPU.ActiveCfg = Debug|Any CPU
		{1AC3603E-0642-4607-ADCF-F258D60E96DA}.Debug|Any CPU.Build.0 = Debug|Any CPU
		{1AC3603E-0642-4607-ADCF-F258D60E96DA}.Debug|ARM.ActiveCfg = Debug|Any CPU
		{1AC3603E-0642-4607-ADCF-F258D60E96DA}.Debug|ARM.Build.0 = Debug|Any CPU
		{1AC3603E-0642-4607-ADCF-F258D60E96DA}.Debug|iPhone.ActiveCfg = Debug|Any CPU
		{1AC3603E-0642-4607-ADCF-F258D60E96DA}.Debug|iPhone.Build.0 = Debug|Any CPU
		{1AC3603E-0642-4607-ADCF-F258D60E96DA}.Debug|iPhoneSimulator.ActiveCfg = Debug|Any CPU
		{1AC3603E-0642-4607-ADCF-F258D60E96DA}.Debug|iPhoneSimulator.Build.0 = Debug|Any CPU
		{1AC3603E-0642-4607-ADCF-F258D60E96DA}.Debug|x64.ActiveCfg = Debug|Any CPU
		{1AC3603E-0642-4607-ADCF-F258D60E96DA}.Debug|x64.Build.0 = Debug|Any CPU
		{1AC3603E-0642-4607-ADCF-F258D60E96DA}.Debug|x86.ActiveCfg = Debug|Any CPU
		{1AC3603E-0642-4607-ADCF-F258D60E96DA}.Debug|x86.Build.0 = Debug|Any CPU
		{1AC3603E-0642-4607-ADCF-F258D60E96DA}.Release|Any CPU.ActiveCfg = Release|Any CPU
		{1AC3603E-0642-4607-ADCF-F258D60E96DA}.Release|Any CPU.Build.0 = Release|Any CPU
		{1AC3603E-0642-4607-ADCF-F258D60E96DA}.Release|ARM.ActiveCfg = Release|Any CPU
		{1AC3603E-0642-4607-ADCF-F258D60E96DA}.Release|ARM.Build.0 = Release|Any CPU
		{1AC3603E-0642-4607-ADCF-F258D60E96DA}.Release|iPhone.ActiveCfg = Release|Any CPU
		{1AC3603E-0642-4607-ADCF-F258D60E96DA}.Release|iPhone.Build.0 = Release|Any CPU
		{1AC3603E-0642-4607-ADCF-F258D60E96DA}.Release|iPhoneSimulator.ActiveCfg = Release|Any CPU
		{1AC3603E-0642-4607-ADCF-F258D60E96DA}.Release|iPhoneSimulator.Build.0 = Release|Any CPU
		{1AC3603E-0642-4607-ADCF-F258D60E96DA}.Release|x64.ActiveCfg = Release|Any CPU
		{1AC3603E-0642-4607-ADCF-F258D60E96DA}.Release|x64.Build.0 = Release|Any CPU
		{1AC3603E-0642-4607-ADCF-F258D60E96DA}.Release|x86.ActiveCfg = Release|Any CPU
		{1AC3603E-0642-4607-ADCF-F258D60E96DA}.Release|x86.Build.0 = Release|Any CPU
	EndGlobalSection
	GlobalSection(SolutionProperties) = preSolution
		HideSolutionNode = FALSE
	EndGlobalSection
	GlobalSection(ExtensibilityGlobals) = postSolution
		SolutionGuid = {6AB8FBF3-0187-4BBA-B9AE-DCF8805CD959}
	EndGlobalSection
EndGlobal
